
Microsoft Visual Studio Solution File, Format Version 12.00
# Visual Studio Version 17
VisualStudioVersion = 17.11.35327.3
MinimumVisualStudioVersion = 10.0.40219.1
Project("{9A19103F-16F7-4668-BE54-9A1E7A4F7556}") = "FinancialChatRoomApp", "FinancialChatRoomApp.csproj", "{C6DAB5BB-DE64-458E-BD13-F463AFAB4D83}"
EndProject
Project("{FAE04EC0-301F-11D3-BF4B-00C04F79EFBC}") = "FinancialChatRoomBot", "..\FinancialChatRoomBot\FinancialChatRoomBot.csproj", "{9224B28E-933B-4BAE-BFD0-31FAC983F6EE}"
EndProject
Global
	GlobalSection(SolutionConfigurationPlatforms) = preSolution
		Debug|Any CPU = Debug|Any CPU
		Release|Any CPU = Release|Any CPU
	EndGlobalSection
	GlobalSection(ProjectConfigurationPlatforms) = postSolution
		{C6DAB5BB-DE64-458E-BD13-F463AFAB4D83}.Debug|Any CPU.ActiveCfg = Debug|Any CPU
		{C6DAB5BB-DE64-458E-BD13-F463AFAB4D83}.Debug|Any CPU.Build.0 = Debug|Any CPU
		{C6DAB5BB-DE64-458E-BD13-F463AFAB4D83}.Release|Any CPU.ActiveCfg = Release|Any CPU
		{C6DAB5BB-DE64-458E-BD13-F463AFAB4D83}.Release|Any CPU.Build.0 = Release|Any CPU
		{9224B28E-933B-4BAE-BFD0-31FAC983F6EE}.Debug|Any CPU.ActiveCfg = Debug|Any CPU
		{9224B28E-933B-4BAE-BFD0-31FAC983F6EE}.Debug|Any CPU.Build.0 = Debug|Any CPU
		{9224B28E-933B-4BAE-BFD0-31FAC983F6EE}.Release|Any CPU.ActiveCfg = Release|Any CPU
		{9224B28E-933B-4BAE-BFD0-31FAC983F6EE}.Release|Any CPU.Build.0 = Release|Any CPU
	EndGlobalSection
	GlobalSection(SolutionProperties) = preSolution
		HideSolutionNode = FALSE
	EndGlobalSection
	GlobalSection(ExtensibilityGlobals) = postSolution
		SolutionGuid = {D45C592E-66E9-4411-8D31-234DA3BBCD3E}
	EndGlobalSection
EndGlobal
